
Microsoft Visual Studio Solution File, Format Version 12.00
# Visual Studio Version 16
VisualStudioVersion = 16.0.29509.3
MinimumVisualStudioVersion = 10.0.40219.1
Project("{9A19103F-16F7-4668-BE54-9A1E7A4F7556}") = "ClocifyResmineWebHookHHendler", "..\ClocifyResmineWebHookHHendler\ClocifyResmineWebHookHHendler.csproj", "{7AA4CEE8-F61E-489E-A357-8773A278020E}"
EndProject
Project("{9A19103F-16F7-4668-BE54-9A1E7A4F7556}") = "ActivitysSync", "ActivitysSync\ActivitysSync.csproj", "{300AD6A7-BD0C-4458-9084-B941BCCCE327}"
EndProject
Project("{9A19103F-16F7-4668-BE54-9A1E7A4F7556}") = "Services", "Service\Services.csproj", "{9CE076BD-DC24-4189-9C40-E078811AF10C}"
EndProject
Global
	GlobalSection(SolutionConfigurationPlatforms) = preSolution
		Debug|Any CPU = Debug|Any CPU
		Release|Any CPU = Release|Any CPU
	EndGlobalSection
	GlobalSection(ProjectConfigurationPlatforms) = postSolution
		{7AA4CEE8-F61E-489E-A357-8773A278020E}.Debug|Any CPU.ActiveCfg = Debug|Any CPU
		{7AA4CEE8-F61E-489E-A357-8773A278020E}.Debug|Any CPU.Build.0 = Debug|Any CPU
		{7AA4CEE8-F61E-489E-A357-8773A278020E}.Release|Any CPU.ActiveCfg = Release|Any CPU
		{7AA4CEE8-F61E-489E-A357-8773A278020E}.Release|Any CPU.Build.0 = Release|Any CPU
		{300AD6A7-BD0C-4458-9084-B941BCCCE327}.Debug|Any CPU.ActiveCfg = Debug|Any CPU
		{300AD6A7-BD0C-4458-9084-B941BCCCE327}.Debug|Any CPU.Build.0 = Debug|Any CPU
		{300AD6A7-BD0C-4458-9084-B941BCCCE327}.Release|Any CPU.ActiveCfg = Release|Any CPU
		{300AD6A7-BD0C-4458-9084-B941BCCCE327}.Release|Any CPU.Build.0 = Release|Any CPU
		{9CE076BD-DC24-4189-9C40-E078811AF10C}.Debug|Any CPU.ActiveCfg = Debug|Any CPU
		{9CE076BD-DC24-4189-9C40-E078811AF10C}.Debug|Any CPU.Build.0 = Debug|Any CPU
		{9CE076BD-DC24-4189-9C40-E078811AF10C}.Release|Any CPU.ActiveCfg = Release|Any CPU
		{9CE076BD-DC24-4189-9C40-E078811AF10C}.Release|Any CPU.Build.0 = Release|Any CPU
	EndGlobalSection
	GlobalSection(SolutionProperties) = preSolution
		HideSolutionNode = FALSE
	EndGlobalSection
	GlobalSection(ExtensibilityGlobals) = postSolution
		SolutionGuid = {923AFF45-B0F4-41F1-9B72-AB850F754060}
	EndGlobalSection
EndGlobal
